
Microsoft Visual Studio Solution File, Format Version 12.00
# Visual Studio Version 17
VisualStudioVersion = 17.11.35219.272
MinimumVisualStudioVersion = 10.0.40219.1
Project("{FAE04EC0-301F-11D3-BF4B-00C04F79EFBC}") = "BookingSystem", "BookingSystem.csproj", "{E64A7590-8464-4988-AC4A-CDB3BA88EBF4}"
EndProject
Global
	GlobalSection(SolutionConfigurationPlatforms) = preSolution
		Debug|Any CPU = Debug|Any CPU
		Release|Any CPU = Release|Any CPU
	EndGlobalSection
	GlobalSection(ProjectConfigurationPlatforms) = postSolution
		{E64A7590-8464-4988-AC4A-CDB3BA88EBF4}.Debug|Any CPU.ActiveCfg = Debug|Any CPU
		{E64A7590-8464-4988-AC4A-CDB3BA88EBF4}.Debug|Any CPU.Build.0 = Debug|Any CPU
		{E64A7590-8464-4988-AC4A-CDB3BA88EBF4}.Release|Any CPU.ActiveCfg = Release|Any CPU
		{E64A7590-8464-4988-AC4A-CDB3BA88EBF4}.Release|Any CPU.Build.0 = Release|Any CPU
	EndGlobalSection
	GlobalSection(SolutionProperties) = preSolution
		HideSolutionNode = FALSE
	EndGlobalSection
	GlobalSection(ExtensibilityGlobals) = postSolution
		SolutionGuid = {8F6F3CD0-EA3B-42E9-8D0F-D2A78BC8A87F}
	EndGlobalSection
EndGlobal
